// !$*UTF8*$!
{
	archiveVersion = 1;
	classes = {
	};
	objectVersion = 46;
	objects = {

/* Begin PBXBuildFile section */
		84779AD61BE59CC5008DFA3B /* AppDelegate.swift in Sources */ = {isa = PBXBuildFile; fileRef = 84779AD51BE59CC5008DFA3B /* AppDelegate.swift */; };
		84779ADD1BE59CC5008DFA3B /* Assets.xcassets in Resources */ = {isa = PBXBuildFile; fileRef = 84779ADC1BE59CC5008DFA3B /* Assets.xcassets */; };
/* End PBXBuildFile section */

/* Begin PBXFileReference section */
		84779AD21BE59CC5008DFA3B /* devslopes-tv.app */ = {isa = PBXFileReference; explicitFileType = wrapper.application; includeInIndex = 0; path = "devslopes-tv.app"; sourceTree = BUILT_PRODUCTS_DIR; };
		84779AD51BE59CC5008DFA3B /* AppDelegate.swift */ = {isa = PBXFileReference; lastKnownFileType = sourcecode.swift; path = AppDelegate.swift; sourceTree = "<group>"; };
		84779ADC1BE59CC5008DFA3B /* Assets.xcassets */ = {isa = PBXFileReference; lastKnownFileType = folder.assetcatalog; path = Assets.xcassets; sourceTree = "<group>"; };
		84779ADE1BE59CC5008DFA3B /* Info.plist */ = {isa = PBXFileReference; lastKnownFileType = text.plist.xml; path = Info.plist; sourceTree = "<group>"; };
/* End PBXFileReference section */

/* Begin PBXFrameworksBuildPhase section */
		84779ACF1BE59CC5008DFA3B /* Frameworks */ = {
			isa = PBXFrameworksBuildPhase;
			buildActionMask = 2147483647;
			files = (
			);
			runOnlyForDeploymentPostprocessing = 0;
		};
/* End PBXFrameworksBuildPhase section */

/* Begin PBXGroup section */
		84779AC91BE59CC5008DFA3B = {
			isa = PBXGroup;
			children = (
				84779AD41BE59CC5008DFA3B /* devslopes-tv */,
				84779AD31BE59CC5008DFA3B /* Products */,
			);
			sourceTree = "<group>";
		};
		84779AD31BE59CC5008DFA3B /* Products */ = {
			isa = PBXGroup;
			children = (
				84779AD21BE59CC5008DFA3B /* devslopes-tv.app */,
			);
			name = Products;
			sourceTree = "<group>";
		};
		84779AD41BE59CC5008DFA3B /* devslopes-tv */ = {
			isa = PBXGroup;
			children = (
				84779AD51BE59CC5008DFA3B /* AppDelegate.swift */,
				84779ADC1BE59CC5008DFA3B /* Assets.xcassets */,
				84779ADE1BE59CC5008DFA3B /* Info.plist */,
			);
			path = "devslopes-tv";
			sourceTree = "<group>";
		};
/* End PBXGroup section */

/* Begin PBXNativeTarget section */
		84779AD11BE59CC5008DFA3B /* devslopes-tv */ = {
			isa = PBXNativeTarget;
			buildConfigurationList = 84779AE11BE59CC5008DFA3B /* Build configuration list for PBXNativeTarget "devslopes-tv" */;
			buildPhases = (
				84779ACE1BE59CC5008DFA3B /* Sources */,
				84779ACF1BE59CC5008DFA3B /* Frameworks */,
				84779AD01BE59CC5008DFA3B /* Resources */,
			);
			buildRules = (
			);
			dependencies = (
			);
			name = "devslopes-tv";
			productName = "devslopes-tv";
			productReference = 84779AD21BE59CC5008DFA3B /* devslopes-tv.app */;
			productType = "com.apple.product-type.application";
		};
/* End PBXNativeTarget section */

/* Begin PBXProject section */
		84779ACA1BE59CC5008DFA3B /* Project object */ = {
			isa = PBXProject;
			attributes = {
				LastSwiftUpdateCheck = 0710;
				LastUpgradeCheck = 0710;
				ORGANIZATIONNAME = CodeWithFelix;
				TargetAttributes = {
					84779AD11BE59CC5008DFA3B = {
						CreatedOnToolsVersion = 7.1;
					};
				};
			};
			buildConfigurationList = 84779ACD1BE59CC5008DFA3B /* Build configuration list for PBXProject "devslopes-tv" */;
			compatibilityVersion = "Xcode 3.2";
			developmentRegion = English;
			hasScannedForEncodings = 0;
			knownRegions = (
				en,
				Base,
			);
			mainGroup = 84779AC91BE59CC5008DFA3B;
			productRefGroup = 84779AD31BE59CC5008DFA3B /* Products */;
			projectDirPath = "";
			projectRoot = "";
			targets = (
				84779AD11BE59CC5008DFA3B /* devslopes-tv */,
			);
		};
/* End PBXProject section */

/* Begin PBXResourcesBuildPhase section */
		84779AD01BE59CC5008DFA3B /* Resources */ = {
			isa = PBXResourcesBuildPhase;
			buildActionMask = 2147483647;
			files = (
				84779ADD1BE59CC5008DFA3B /* Assets.xcassets in Resources */,
			);
			runOnlyForDeploymentPostprocessing = 0;
		};
/* End PBXResourcesBuildPhase section */

/* Begin PBXSourcesBuildPhase section */
		84779ACE1BE59CC5008DFA3B /* Sources */ = {
			isa = PBXSourcesBuildPhase;
			buildActionMask = 2147483647;
			files = (
				84779AD61BE59CC5008DFA3B /* AppDelegate.swift in Sources */,
			);
			runOnlyForDeploymentPostprocessing = 0;
		};
/* End PBXSourcesBuildPhase section */

/* Begin XCBuildConfiguration section */
		84779ADF1BE59CC5008DFA3B /* Debug */ = {
			isa = XCBuildConfiguration;
			buildSettings = {
				ALWAYS_SEARCH_USER_PATHS = NO;
				CLANG_CXX_LANGUAGE_STANDARD = "gnu++0x";
				CLANG_CXX_LIBRARY = "libc++";
				CLANG_ENABLE_MODULES = YES;
				CLANG_ENABLE_OBJC_ARC = YES;
				CLANG_WARN_BOOL_CONVERSION = YES;
				CLANG_WARN_CONSTANT_CONVERSION = YES;
				CLANG_WARN_DIRECT_OBJC_ISA_USAGE = YES_ERROR;
				CLANG_WARN_EMPTY_BODY = YES;
				CLANG_WARN_ENUM_CONVERSION = YES;
				CLANG_WARN_INT_CONVERSION = YES;
				CLANG_WARN_OBJC_ROOT_CLASS = YES_ERROR;
				CLANG_WARN_UNREACHABLE_CODE = YES;
				CLANG_WARN__DUPLICATE_METHOD_MATCH = YES;
				COPY_PHASE_STRIP = NO;
				DEBUG_INFORMATION_FORMAT = dwarf;
				ENABLE_STRICT_OBJC_MSGSEND = YES;
				ENABLE_TESTABILITY = YES;
				GCC_C_LANGUAGE_STANDARD = gnu99;
				GCC_DYNAMIC_NO_PIC = NO;
				GCC_NO_COMMON_BLOCKS = YES;
				GCC_OPTIMIZATION_LEVEL = 0;
				GCC_PREPROCESSOR_DEFINITIONS = (
					"DEBUG=1",
					"$(inherited)",
				);
				GCC_WARN_64_TO_32_BIT_CONVERSION = YES;
				GCC_WARN_ABOUT_RETURN_TYPE = YES_ERROR;
				GCC_WARN_UNDECLARED_SELECTOR = YES;
				GCC_WARN_UNINITIALIZED_AUTOS = YES_AGGRESSIVE;
				GCC_WARN_UNUSED_FUNCTION = YES;
				GCC_WARN_UNUSED_VARIABLE = YES;
				MTL_ENABLE_DEBUG_INFO = YES;
				ONLY_ACTIVE_ARCH = YES;
				SDKROOT = appletvos;
				SWIFT_OPTIMIZATION_LEVEL = "-Onone";
				TARGETED_DEVICE_FAMILY = 3;
				TVOS_DEPLOYMENT_TARGET = 9.0;
			};
			name = Debug;
		};
		84779AE01BE59CC5008DFA3B /* Release */ = {
			isa = XCBuildConfiguration;
			buildSettings = {
				ALWAYS_SEARCH_USER_PATHS = NO;
				CLANG_CXX_LANGUAGE_STANDARD = "gnu++0x";
				CLANG_CXX_LIBRARY = "libc++";
				CLANG_ENABLE_MODULES = YES;
				CLANG_ENABLE_OBJC_ARC = YES;
				CLANG_WARN_BOOL_CONVERSION = YES;
				CLANG_WARN_CONSTANT_CONVERSION = YES;
				CLANG_WARN_DIRECT_OBJC_ISA_USAGE = YES_ERROR;
				CLANG_WARN_EMPTY_BODY = YES;
				CLANG_WARN_ENUM_CONVERSION = YES;
				CLANG_WARN_INT_CONVERSION = YES;
				CLANG_WARN_OBJC_ROOT_CLASS = YES_ERROR;
				CLANG_WARN_UNREACHABLE_CODE = YES;
				CLANG_WARN__DUPLICATE_METHOD_MATCH = YES;
				COPY_PHASE_STRIP = NO;
				DEBUG_INFORMATION_FORMAT = "dwarf-with-dsym";
				ENABLE_NS_ASSERTIONS = NO;
				ENABLE_STRICT_OBJC_MSGSEND = YES;
				GCC_C_LANGUAGE_STANDARD = gnu99;
				GCC_NO_COMMON_BLOCKS = YES;
				GCC_WARN_64_TO_32_BIT_CONVERSION = YES;
				GCC_WARN_ABOUT_RETURN_TYPE = YES_ERROR;
				GCC_WARN_UNDECLARED_SELECTOR = YES;
				GCC_WARN_UNINITIALIZED_AUTOS = YES_AGGRESSIVE;
				GCC_WARN_UNUSED_FUNCTION = YES;
				GCC_WARN_UNUSED_VARIABLE = YES;
				MTL_ENABLE_DEBUG_INFO = NO;
				SDKROOT = appletvos;
				TARGETED_DEVICE_FAMILY = 3;
				TVOS_DEPLOYMENT_TARGET = 9.0;
				VALIDATE_PRODUCT = YES;
			};
			name = Release;
		};
		84779AE21BE59CC5008DFA3B /* Debug */ = {
			isa = XCBuildConfiguration;
			buildSettings = {
				ASSETCATALOG_COMPILER_APPICON_NAME = "App Icon & Top Shelf Image";
				ASSETCATALOG_COMPILER_LAUNCHIMAGE_NAME = LaunchImage;
				INFOPLIST_FILE = "devslopes-tv/Info.plist";
				LD_RUNPATH_SEARCH_PATHS = "$(inherited) @executable_path/Frameworks";
				PRODUCT_BUNDLE_IDENTIFIER = "com.codewithfelix.devslopes-tv";
				PRODUCT_NAME = "$(TARGET_NAME)";
			};
			name = Debug;
		};
		84779AE31BE59CC5008DFA3B /* Release */ = {
			isa = XCBuildConfiguration;
			buildSettings = {
				ASSETCATALOG_COMPILER_APPICON_NAME = "App Icon & Top Shelf Image";
				ASSETCATALOG_COMPILER_LAUNCHIMAGE_NAME = LaunchImage;
				INFOPLIST_FILE = "devslopes-tv/Info.plist";
				LD_RUNPATH_SEARCH_PATHS = "$(inherited) @executable_path/Frameworks";
				PRODUCT_BUNDLE_IDENTIFIER = "com.codewithfelix.devslopes-tv";
				PRODUCT_NAME = "$(TARGET_NAME)";
			};
			name = Release;
		};
/* End XCBuildConfiguration section */

/* Begin XCConfigurationList section */
		84779ACD1BE59CC5008DFA3B /* Build configuration list for PBXProject "devslopes-tv" */ = {
			isa = XCConfigurationList;
			buildConfigurations = (
				84779ADF1BE59CC5008DFA3B /* Debug */,
				84779AE01BE59CC5008DFA3B /* Release */,
			);
			defaultConfigurationIsVisible = 0;
			defaultConfigurationName = Release;
		};
		84779AE11BE59CC5008DFA3B /* Build configuration list for PBXNativeTarget "devslopes-tv" */ = {
			isa = XCConfigurationList;
			buildConfigurations = (
				84779AE21BE59CC5008DFA3B /* Debug */,
				84779AE31BE59CC5008DFA3B /* Release */,
			);
			defaultConfigurationIsVisible = 0;
		};
/* End XCConfigurationList section */
	};
	rootObject = 84779ACA1BE59CC5008DFA3B /* Project object */;
}
